// !$*UTF8*$!
{
	archiveVersion = 1;
	classes = {
	};
	objectVersion = 56;
	objects = {

/* Begin PBXBuildFile section */
		6E855AF02A149EE8002AA336 /* ParallaxHeaderApp.swift in Sources */ = {isa = PBXBuildFile; fileRef = 6E855AEF2A149EE8002AA336 /* ParallaxHeaderApp.swift */; };
		6E855AF22A149EE8002AA336 /* ContentView.swift in Sources */ = {isa = PBXBuildFile; fileRef = 6E855AF12A149EE8002AA336 /* ContentView.swift */; };
		6E855AF42A149EE9002AA336 /* Assets.xcassets in Resources */ = {isa = PBXBuildFile; fileRef = 6E855AF32A149EE9002AA336 /* Assets.xcassets */; };
		6E855AF72A149EE9002AA336 /* Preview Assets.xcassets in Resources */ = {isa = PBXBuildFile; fileRef = 6E855AF62A149EE9002AA336 /* Preview Assets.xcassets */; };
		6E855B012A149EE9002AA336 /* ParallaxHeaderTests.swift in Sources */ = {isa = PBXBuildFile; fileRef = 6E855B002A149EE9002AA336 /* ParallaxHeaderTests.swift */; };
		6E855B0B2A149EE9002AA336 /* ParallaxHeaderUITests.swift in Sources */ = {isa = PBXBuildFile; fileRef = 6E855B0A2A149EE9002AA336 /* ParallaxHeaderUITests.swift */; };
		6E855B0D2A149EE9002AA336 /* ParallaxHeaderUITestsLaunchTests.swift in Sources */ = {isa = PBXBuildFile; fileRef = 6E855B0C2A149EE9002AA336 /* ParallaxHeaderUITestsLaunchTests.swift */; };
/* End PBXBuildFile section */

/* Begin PBXContainerItemProxy section */
		6E855AFD2A149EE9002AA336 /* PBXContainerItemProxy */ = {
			isa = PBXContainerItemProxy;
			containerPortal = 6E855AE42A149EE8002AA336 /* Project object */;
			proxyType = 1;
			remoteGlobalIDString = 6E855AEB2A149EE8002AA336;
			remoteInfo = ParallaxHeader;
		};
		6E855B072A149EE9002AA336 /* PBXContainerItemProxy */ = {
			isa = PBXContainerItemProxy;
			containerPortal = 6E855AE42A149EE8002AA336 /* Project object */;
			proxyType = 1;
			remoteGlobalIDString = 6E855AEB2A149EE8002AA336;
			remoteInfo = ParallaxHeader;
		};
/* End PBXContainerItemProxy section */

/* Begin PBXFileReference section */
		6E855AEC2A149EE8002AA336 /* ParallaxHeader.app */ = {isa = PBXFileReference; explicitFileType = wrapper.application; includeInIndex = 0; path = ParallaxHeader.app; sourceTree = BUILT_PRODUCTS_DIR; };
		6E855AEF2A149EE8002AA336 /* ParallaxHeaderApp.swift */ = {isa = PBXFileReference; lastKnownFileType = sourcecode.swift; path = ParallaxHeaderApp.swift; sourceTree = "<group>"; };
		6E855AF12A149EE8002AA336 /* ContentView.swift */ = {isa = PBXFileReference; lastKnownFileType = sourcecode.swift; path = ContentView.swift; sourceTree = "<group>"; };
		6E855AF32A149EE9002AA336 /* Assets.xcassets */ = {isa = PBXFileReference; lastKnownFileType = folder.assetcatalog; path = Assets.xcassets; sourceTree = "<group>"; };
		6E855AF62A149EE9002AA336 /* Preview Assets.xcassets */ = {isa = PBXFileReference; lastKnownFileType = folder.assetcatalog; path = "Preview Assets.xcassets"; sourceTree = "<group>"; };
		6E855AFC2A149EE9002AA336 /* ParallaxHeaderTests.xctest */ = {isa = PBXFileReference; explicitFileType = wrapper.cfbundle; includeInIndex = 0; path = ParallaxHeaderTests.xctest; sourceTree = BUILT_PRODUCTS_DIR; };
		6E855B002A149EE9002AA336 /* ParallaxHeaderTests.swift */ = {isa = PBXFileReference; lastKnownFileType = sourcecode.swift; path = ParallaxHeaderTests.swift; sourceTree = "<group>"; };
		6E855B062A149EE9002AA336 /* ParallaxHeaderUITests.xctest */ = {isa = PBXFileReference; explicitFileType = wrapper.cfbundle; includeInIndex = 0; path = ParallaxHeaderUITests.xctest; sourceTree = BUILT_PRODUCTS_DIR; };
		6E855B0A2A149EE9002AA336 /* ParallaxHeaderUITests.swift */ = {isa = PBXFileReference; lastKnownFileType = sourcecode.swift; path = ParallaxHeaderUITests.swift; sourceTree = "<group>"; };
		6E855B0C2A149EE9002AA336 /* ParallaxHeaderUITestsLaunchTests.swift */ = {isa = PBXFileReference; lastKnownFileType = sourcecode.swift; path = ParallaxHeaderUITestsLaunchTests.swift; sourceTree = "<group>"; };
/* End PBXFileReference section */

/* Begin PBXFrameworksBuildPhase section */
		6E855AE92A149EE8002AA336 /* Frameworks */ = {
			isa = PBXFrameworksBuildPhase;
			buildActionMask = 2147483647;
			files = (
			);
			runOnlyForDeploymentPostprocessing = 0;
		};
		6E855AF92A149EE9002AA336 /* Frameworks */ = {
			isa = PBXFrameworksBuildPhase;
			buildActionMask = 2147483647;
			files = (
			);
			runOnlyForDeploymentPostprocessing = 0;
		};
		6E855B032A149EE9002AA336 /* Frameworks */ = {
			isa = PBXFrameworksBuildPhase;
			buildActionMask = 2147483647;
			files = (
			);
			runOnlyForDeploymentPostprocessing = 0;
		};
/* End PBXFrameworksBuildPhase section */

/* Begin PBXGroup section */
		6E855AE32A149EE8002AA336 = {
			isa = PBXGroup;
			children = (
				6E855AEE2A149EE8002AA336 /* ParallaxHeader */,
				6E855AFF2A149EE9002AA336 /* ParallaxHeaderTests */,
				6E855B092A149EE9002AA336 /* ParallaxHeaderUITests */,
				6E855AED2A149EE8002AA336 /* Products */,
			);
			sourceTree = "<group>";
		};
		6E855AED2A149EE8002AA336 /* Products */ = {
			isa = PBXGroup;
			children = (
				6E855AEC2A149EE8002AA336 /* ParallaxHeader.app */,
				6E855AFC2A149EE9002AA336 /* ParallaxHeaderTests.xctest */,
				6E855B062A149EE9002AA336 /* ParallaxHeaderUITests.xctest */,
			);
			name = Products;
			sourceTree = "<group>";
		};
		6E855AEE2A149EE8002AA336 /* ParallaxHeader */ = {
			isa = PBXGroup;
			children = (
				6E855AF12A149EE8002AA336 /* ContentView.swift */,
				6E855AEF2A149EE8002AA336 /* ParallaxHeaderApp.swift */,
				6E855AF32A149EE9002AA336 /* Assets.xcassets */,
				6E855AF52A149EE9002AA336 /* Preview Content */,
			);
			path = ParallaxHeader;
			sourceTree = "<group>";
		};
		6E855AF52A149EE9002AA336 /* Preview Content */ = {
			isa = PBXGroup;
			children = (
				6E855AF62A149EE9002AA336 /* Preview Assets.xcassets */,
			);
			path = "Preview Content";
			sourceTree = "<group>";
		};
		6E855AFF2A149EE9002AA336 /* ParallaxHeaderTests */ = {
			isa = PBXGroup;
			children = (
				6E855B002A149EE9002AA336 /* ParallaxHeaderTests.swift */,
			);
			path = ParallaxHeaderTests;
			sourceTree = "<group>";
		};
		6E855B092A149EE9002AA336 /* ParallaxHeaderUITests */ = {
			isa = PBXGroup;
			children = (
				6E855B0A2A149EE9002AA336 /* ParallaxHeaderUITests.swift */,
				6E855B0C2A149EE9002AA336 /* ParallaxHeaderUITestsLaunchTests.swift */,
			);
			path = ParallaxHeaderUITests;
			sourceTree = "<group>";
		};
/* End PBXGroup section */

/* Begin PBXNativeTarget section */
		6E855AEB2A149EE8002AA336 /* ParallaxHeader */ = {
			isa = PBXNativeTarget;
			buildConfigurationList = 6E855B102A149EE9002AA336 /* Build configuration list for PBXNativeTarget "ParallaxHeader" */;
			buildPhases = (
				6E855AE82A149EE8002AA336 /* Sources */,
				6E855AE92A149EE8002AA336 /* Frameworks */,
				6E855AEA2A149EE8002AA336 /* Resources */,
			);
			buildRules = (
			);
			dependencies = (
			);
			name = ParallaxHeader;
			productName = ParallaxHeader;
			productReference = 6E855AEC2A149EE8002AA336 /* ParallaxHeader.app */;
			productType = "com.apple.product-type.application";
		};
		6E855AFB2A149EE9002AA336 /* ParallaxHeaderTests */ = {
			isa = PBXNativeTarget;
			buildConfigurationList = 6E855B132A149EE9002AA336 /* Build configuration list for PBXNativeTarget "ParallaxHeaderTests" */;
			buildPhases = (
				6E855AF82A149EE9002AA336 /* Sources */,
				6E855AF92A149EE9002AA336 /* Frameworks */,
				6E855AFA2A149EE9002AA336 /* Resources */,
			);
			buildRules = (
			);
			dependencies = (
				6E855AFE2A149EE9002AA336 /* PBXTargetDependency */,
			);
			name = ParallaxHeaderTests;
			productName = ParallaxHeaderTests;
			productReference = 6E855AFC2A149EE9002AA336 /* ParallaxHeaderTests.xctest */;
			productType = "com.apple.product-type.bundle.unit-test";
		};
		6E855B052A149EE9002AA336 /* ParallaxHeaderUITests */ = {
			isa = PBXNativeTarget;
			buildConfigurationList = 6E855B162A149EE9002AA336 /* Build configuration list for PBXNativeTarget "ParallaxHeaderUITests" */;
			buildPhases = (
				6E855B022A149EE9002AA336 /* Sources */,
				6E855B032A149EE9002AA336 /* Frameworks */,
				6E855B042A149EE9002AA336 /* Resources */,
			);
			buildRules = (
			);
			dependencies = (
				6E855B082A149EE9002AA336 /* PBXTargetDependency */,
			);
			name = ParallaxHeaderUITests;
			productName = ParallaxHeaderUITests;
			productReference = 6E855B062A149EE9002AA336 /* ParallaxHeaderUITests.xctest */;
			productType = "com.apple.product-type.bundle.ui-testing";
		};
/* End PBXNativeTarget section */

/* Begin PBXProject section */
		6E855AE42A149EE8002AA336 /* Project object */ = {
			isa = PBXProject;
			attributes = {
				BuildIndependentTargetsInParallel = 1;
				LastSwiftUpdateCheck = 1430;
				LastUpgradeCheck = 1430;
				TargetAttributes = {
					6E855AEB2A149EE8002AA336 = {
						CreatedOnToolsVersion = 14.3;
					};
					6E855AFB2A149EE9002AA336 = {
						CreatedOnToolsVersion = 14.3;
						TestTargetID = 6E855AEB2A149EE8002AA336;
					};
					6E855B052A149EE9002AA336 = {
						CreatedOnToolsVersion = 14.3;
						TestTargetID = 6E855AEB2A149EE8002AA336;
					};
				};
			};
			buildConfigurationList = 6E855AE72A149EE8002AA336 /* Build configuration list for PBXProject "ParallaxHeader" */;
			compatibilityVersion = "Xcode 14.0";
			developmentRegion = en;
			hasScannedForEncodings = 0;
			knownRegions = (
				en,
				Base,
			);
			mainGroup = 6E855AE32A149EE8002AA336;
			productRefGroup = 6E855AED2A149EE8002AA336 /* Products */;
			projectDirPath = "";
			projectRoot = "";
			targets = (
				6E855AEB2A149EE8002AA336 /* ParallaxHeader */,
				6E855AFB2A149EE9002AA336 /* ParallaxHeaderTests */,
				6E855B052A149EE9002AA336 /* ParallaxHeaderUITests */,
			);
		};
/* End PBXProject section */

/* Begin PBXResourcesBuildPhase section */
		6E855AEA2A149EE8002AA336 /* Resources */ = {
			isa = PBXResourcesBuildPhase;
			buildActionMask = 2147483647;
			files = (
				6E855AF72A149EE9002AA336 /* Preview Assets.xcassets in Resources */,
				6E855AF42A149EE9002AA336 /* Assets.xcassets in Resources */,
			);
			runOnlyForDeploymentPostprocessing = 0;
		};
		6E855AFA2A149EE9002AA336 /* Resources */ = {
			isa = PBXResourcesBuildPhase;
			buildActionMask = 2147483647;
			files = (
			);
			runOnlyForDeploymentPostprocessing = 0;
		};
		6E855B042A149EE9002AA336 /* Resources */ = {
			isa = PBXResourcesBuildPhase;
			buildActionMask = 2147483647;
			files = (
			);
			runOnlyForDeploymentPostprocessing = 0;
		};
/* End PBXResourcesBuildPhase section */

/* Begin PBXSourcesBuildPhase section */
		6E855AE82A149EE8002AA336 /* Sources */ = {
			isa = PBXSourcesBuildPhase;
			buildActionMask = 2147483647;
			files = (
				6E855AF22A149EE8002AA336 /* ContentView.swift in Sources */,
				6E855AF02A149EE8002AA336 /* ParallaxHeaderApp.swift in Sources */,
			);
			runOnlyForDeploymentPostprocessing = 0;
		};
		6E855AF82A149EE9002AA336 /* Sources */ = {
			isa = PBXSourcesBuildPhase;
			buildActionMask = 2147483647;
			files = (
				6E855B012A149EE9002AA336 /* ParallaxHeaderTests.swift in Sources */,
			);
			runOnlyForDeploymentPostprocessing = 0;
		};
		6E855B022A149EE9002AA336 /* Sources */ = {
			isa = PBXSourcesBuildPhase;
			buildActionMask = 2147483647;
			files = (
				6E855B0D2A149EE9002AA336 /* ParallaxHeaderUITestsLaunchTests.swift in Sources */,
				6E855B0B2A149EE9002AA336 /* ParallaxHeaderUITests.swift in Sources */,
			);
			runOnlyForDeploymentPostprocessing = 0;
		};
/* End PBXSourcesBuildPhase section */

/* Begin PBXTargetDependency section */
		6E855AFE2A149EE9002AA336 /* PBXTargetDependency */ = {
			isa = PBXTargetDependency;
			target = 6E855AEB2A149EE8002AA336 /* ParallaxHeader */;
			targetProxy = 6E855AFD2A149EE9002AA336 /* PBXContainerItemProxy */;
		};
		6E855B082A149EE9002AA336 /* PBXTargetDependency */ = {
			isa = PBXTargetDependency;
			target = 6E855AEB2A149EE8002AA336 /* ParallaxHeader */;
			targetProxy = 6E855B072A149EE9002AA336 /* PBXContainerItemProxy */;
		};
/* End PBXTargetDependency section */

/* Begin XCBuildConfiguration section */
		6E855B0E2A149EE9002AA336 /* Debug */ = {
			isa = XCBuildConfiguration;
			buildSettings = {
				ALWAYS_SEARCH_USER_PATHS = NO;
				CLANG_ANALYZER_NONNULL = YES;
				CLANG_ANALYZER_NUMBER_OBJECT_CONVERSION = YES_AGGRESSIVE;
				CLANG_CXX_LANGUAGE_STANDARD = "gnu++20";
				CLANG_ENABLE_MODULES = YES;
				CLANG_ENABLE_OBJC_ARC = YES;
				CLANG_ENABLE_OBJC_WEAK = YES;
				CLANG_WARN_BLOCK_CAPTURE_AUTORELEASING = YES;
				CLANG_WARN_BOOL_CONVERSION = YES;
				CLANG_WARN_COMMA = YES;
				CLANG_WARN_CONSTANT_CONVERSION = YES;
				CLANG_WARN_DEPRECATED_OBJC_IMPLEMENTATIONS = YES;
				CLANG_WARN_DIRECT_OBJC_ISA_USAGE = YES_ERROR;
				CLANG_WARN_DOCUMENTATION_COMMENTS = YES;
				CLANG_WARN_EMPTY_BODY = YES;
				CLANG_WARN_ENUM_CONVERSION = YES;
				CLANG_WARN_INFINITE_RECURSION = YES;
				CLANG_WARN_INT_CONVERSION = YES;
				CLANG_WARN_NON_LITERAL_NULL_CONVERSION = YES;
				CLANG_WARN_OBJC_IMPLICIT_RETAIN_SELF = YES;
				CLANG_WARN_OBJC_LITERAL_CONVERSION = YES;
				CLANG_WARN_OBJC_ROOT_CLASS = YES_ERROR;
				CLANG_WARN_QUOTED_INCLUDE_IN_FRAMEWORK_HEADER = YES;
				CLANG_WARN_RANGE_LOOP_ANALYSIS = YES;
				CLANG_WARN_STRICT_PROTOTYPES = YES;
				CLANG_WARN_SUSPICIOUS_MOVE = YES;
				CLANG_WARN_UNGUARDED_AVAILABILITY = YES_AGGRESSIVE;
				CLANG_WARN_UNREACHABLE_CODE = YES;
				CLANG_WARN__DUPLICATE_METHOD_MATCH = YES;
				COPY_PHASE_STRIP = NO;
				DEBUG_INFORMATION_FORMAT = dwarf;
				ENABLE_STRICT_OBJC_MSGSEND = YES;
				ENABLE_TESTABILITY = YES;
				GCC_C_LANGUAGE_STANDARD = gnu11;
				GCC_DYNAMIC_NO_PIC = NO;
				GCC_NO_COMMON_BLOCKS = YES;
				GCC_OPTIMIZATION_LEVEL = 0;
				GCC_PREPROCESSOR_DEFINITIONS = (
					"DEBUG=1",
					"$(inherited)",
				);
				GCC_WARN_64_TO_32_BIT_CONVERSION = YES;
				GCC_WARN_ABOUT_RETURN_TYPE = YES_ERROR;
				GCC_WARN_UNDECLARED_SELECTOR = YES;
				GCC_WARN_UNINITIALIZED_AUTOS = YES_AGGRESSIVE;
				GCC_WARN_UNUSED_FUNCTION = YES;
				GCC_WARN_UNUSED_VARIABLE = YES;
				IPHONEOS_DEPLOYMENT_TARGET = 16.4;
				MTL_ENABLE_DEBUG_INFO = INCLUDE_SOURCE;
				MTL_FAST_MATH = YES;
				ONLY_ACTIVE_ARCH = YES;
				SDKROOT = iphoneos;
				SWIFT_ACTIVE_COMPILATION_CONDITIONS = DEBUG;
				SWIFT_OPTIMIZATION_LEVEL = "-Onone";
			};
			name = Debug;
		};
		6E855B0F2A149EE9002AA336 /* Release */ = {
			isa = XCBuildConfiguration;
			buildSettings = {
				ALWAYS_SEARCH_USER_PATHS = NO;
				CLANG_ANALYZER_NONNULL = YES;
				CLANG_ANALYZER_NUMBER_OBJECT_CONVERSION = YES_AGGRESSIVE;
				CLANG_CXX_LANGUAGE_STANDARD = "gnu++20";
				CLANG_ENABLE_MODULES = YES;
				CLANG_ENABLE_OBJC_ARC = YES;
				CLANG_ENABLE_OBJC_WEAK = YES;
				CLANG_WARN_BLOCK_CAPTURE_AUTORELEASING = YES;
				CLANG_WARN_BOOL_CONVERSION = YES;
				CLANG_WARN_COMMA = YES;
				CLANG_WARN_CONSTANT_CONVERSION = YES;
				CLANG_WARN_DEPRECATED_OBJC_IMPLEMENTATIONS = YES;
				CLANG_WARN_DIRECT_OBJC_ISA_USAGE = YES_ERROR;
				CLANG_WARN_DOCUMENTATION_COMMENTS = YES;
				CLANG_WARN_EMPTY_BODY = YES;
				CLANG_WARN_ENUM_CONVERSION = YES;
				CLANG_WARN_INFINITE_RECURSION = YES;
				CLANG_WARN_INT_CONVERSION = YES;
				CLANG_WARN_NON_LITERAL_NULL_CONVERSION = YES;
				CLANG_WARN_OBJC_IMPLICIT_RETAIN_SELF = YES;
				CLANG_WARN_OBJC_LITERAL_CONVERSION = YES;
				CLANG_WARN_OBJC_ROOT_CLASS = YES_ERROR;
				CLANG_WARN_QUOTED_INCLUDE_IN_FRAMEWORK_HEADER = YES;
				CLANG_WARN_RANGE_LOOP_ANALYSIS = YES;
				CLANG_WARN_STRICT_PROTOTYPES = YES;
				CLANG_WARN_SUSPICIOUS_MOVE = YES;
				CLANG_WARN_UNGUARDED_AVAILABILITY = YES_AGGRESSIVE;
				CLANG_WARN_UNREACHABLE_CODE = YES;
				CLANG_WARN__DUPLICATE_METHOD_MATCH = YES;
				COPY_PHASE_STRIP = NO;
				DEBUG_INFORMATION_FORMAT = "dwarf-with-dsym";
				ENABLE_NS_ASSERTIONS = NO;
				ENABLE_STRICT_OBJC_MSGSEND = YES;
				GCC_C_LANGUAGE_STANDARD = gnu11;
				GCC_NO_COMMON_BLOCKS = YES;
				GCC_WARN_64_TO_32_BIT_CONVERSION = YES;
				GCC_WARN_ABOUT_RETURN_TYPE = YES_ERROR;
				GCC_WARN_UNDECLARED_SELECTOR = YES;
				GCC_WARN_UNINITIALIZED_AUTOS = YES_AGGRESSIVE;
				GCC_WARN_UNUSED_FUNCTION = YES;
				GCC_WARN_UNUSED_VARIABLE = YES;
				IPHONEOS_DEPLOYMENT_TARGET = 16.4;
				MTL_ENABLE_DEBUG_INFO = NO;
				MTL_FAST_MATH = YES;
				SDKROOT = iphoneos;
				SWIFT_COMPILATION_MODE = wholemodule;
				SWIFT_OPTIMIZATION_LEVEL = "-O";
				VALIDATE_PRODUCT = YES;
			};
			name = Release;
		};
		6E855B112A149EE9002AA336 /* Debug */ = {
			isa = XCBuildConfiguration;
			buildSettings = {
				ASSETCATALOG_COMPILER_APPICON_NAME = AppIcon;
				ASSETCATALOG_COMPILER_GLOBAL_ACCENT_COLOR_NAME = AccentColor;
				CODE_SIGN_STYLE = Automatic;
				CURRENT_PROJECT_VERSION = 1;
				DEVELOPMENT_ASSET_PATHS = "\"ParallaxHeader/Preview Content\"";
				DEVELOPMENT_TEAM = QDUTEX33CU;
				ENABLE_PREVIEWS = YES;
				GENERATE_INFOPLIST_FILE = YES;
				INFOPLIST_KEY_UIApplicationSceneManifest_Generation = YES;
				INFOPLIST_KEY_UIApplicationSupportsIndirectInputEvents = YES;
				INFOPLIST_KEY_UILaunchScreen_Generation = YES;
				INFOPLIST_KEY_UISupportedInterfaceOrientations_iPad = "UIInterfaceOrientationPortrait UIInterfaceOrientationPortraitUpsideDown UIInterfaceOrientationLandscapeLeft UIInterfaceOrientationLandscapeRight";
				INFOPLIST_KEY_UISupportedInterfaceOrientations_iPhone = "UIInterfaceOrientationPortrait UIInterfaceOrientationLandscapeLeft UIInterfaceOrientationLandscapeRight";
				LD_RUNPATH_SEARCH_PATHS = (
					"$(inherited)",
					"@executable_path/Frameworks",
				);
				MARKETING_VERSION = 1.0;
				PRODUCT_BUNDLE_IDENTIFIER = com.matthiaszarzecki.ParallaxHeader;
				PRODUCT_NAME = "$(TARGET_NAME)";
				SWIFT_EMIT_LOC_STRINGS = YES;
				SWIFT_VERSION = 5.0;
				TARGETED_DEVICE_FAMILY = "1,2";
			};
			name = Debug;
		};
		6E855B122A149EE9002AA336 /* Release */ = {
			isa = XCBuildConfiguration;
			buildSettings = {
				ASSETCATALOG_COMPILER_APPICON_NAME = AppIcon;
				ASSETCATALOG_COMPILER_GLOBAL_ACCENT_COLOR_NAME = AccentColor;
				CODE_SIGN_STYLE = Automatic;
				CURRENT_PROJECT_VERSION = 1;
				DEVELOPMENT_ASSET_PATHS = "\"ParallaxHeader/Preview Content\"";
				DEVELOPMENT_TEAM = QDUTEX33CU;
				ENABLE_PREVIEWS = YES;
				GENERATE_INFOPLIST_FILE = YES;
				INFOPLIST_KEY_UIApplicationSceneManifest_Generation = YES;
				INFOPLIST_KEY_UIApplicationSupportsIndirectInputEvents = YES;
				INFOPLIST_KEY_UILaunchScreen_Generation = YES;
				INFOPLIST_KEY_UISupportedInterfaceOrientations_iPad = "UIInterfaceOrientationPortrait UIInterfaceOrientationPortraitUpsideDown UIInterfaceOrientationLandscapeLeft UIInterfaceOrientationLandscapeRight";
				INFOPLIST_KEY_UISupportedInterfaceOrientations_iPhone = "UIInterfaceOrientationPortrait UIInterfaceOrientationLandscapeLeft UIInterfaceOrientationLandscapeRight";
				LD_RUNPATH_SEARCH_PATHS = (
					"$(inherited)",
					"@executable_path/Frameworks",
				);
				MARKETING_VERSION = 1.0;
				PRODUCT_BUNDLE_IDENTIFIER = com.matthiaszarzecki.ParallaxHeader;
				PRODUCT_NAME = "$(TARGET_NAME)";
				SWIFT_EMIT_LOC_STRINGS = YES;
				SWIFT_VERSION = 5.0;
				TARGETED_DEVICE_FAMILY = "1,2";
			};
			name = Release;
		};
		6E855B142A149EE9002AA336 /* Debug */ = {
			isa = XCBuildConfiguration;
			buildSettings = {
				ALWAYS_EMBED_SWIFT_STANDARD_LIBRARIES = YES;
				BUNDLE_LOADER = "$(TEST_HOST)";
				CODE_SIGN_STYLE = Automatic;
				CURRENT_PROJECT_VERSION = 1;
				DEVELOPMENT_TEAM = QDUTEX33CU;
				GENERATE_INFOPLIST_FILE = YES;
				IPHONEOS_DEPLOYMENT_TARGET = 16.4;
				MARKETING_VERSION = 1.0;
				PRODUCT_BUNDLE_IDENTIFIER = com.matthiaszarzecki.ParallaxHeaderTests;
				PRODUCT_NAME = "$(TARGET_NAME)";
				SWIFT_EMIT_LOC_STRINGS = NO;
				SWIFT_VERSION = 5.0;
				TARGETED_DEVICE_FAMILY = "1,2";
				TEST_HOST = "$(BUILT_PRODUCTS_DIR)/ParallaxHeader.app/$(BUNDLE_EXECUTABLE_FOLDER_PATH)/ParallaxHeader";
			};
			name = Debug;
		};
		6E855B152A149EE9002AA336 /* Release */ = {
			isa = XCBuildConfiguration;
			buildSettings = {
				ALWAYS_EMBED_SWIFT_STANDARD_LIBRARIES = YES;
				BUNDLE_LOADER = "$(TEST_HOST)";
				CODE_SIGN_STYLE = Automatic;
				CURRENT_PROJECT_VERSION = 1;
				DEVELOPMENT_TEAM = QDUTEX33CU;
				GENERATE_INFOPLIST_FILE = YES;
				IPHONEOS_DEPLOYMENT_TARGET = 16.4;
				MARKETING_VERSION = 1.0;
				PRODUCT_BUNDLE_IDENTIFIER = com.matthiaszarzecki.ParallaxHeaderTests;
				PRODUCT_NAME = "$(TARGET_NAME)";
				SWIFT_EMIT_LOC_STRINGS = NO;
				SWIFT_VERSION = 5.0;
				TARGETED_DEVICE_FAMILY = "1,2";
				TEST_HOST = "$(BUILT_PRODUCTS_DIR)/ParallaxHeader.app/$(BUNDLE_EXECUTABLE_FOLDER_PATH)/ParallaxHeader";
			};
			name = Release;
		};
		6E855B172A149EE9002AA336 /* Debug */ = {
			isa = XCBuildConfiguration;
			buildSettings = {
				ALWAYS_EMBED_SWIFT_STANDARD_LIBRARIES = YES;
				CODE_SIGN_STYLE = Automatic;
				CURRENT_PROJECT_VERSION = 1;
				DEVELOPMENT_TEAM = QDUTEX33CU;
				GENERATE_INFOPLIST_FILE = YES;
				MARKETING_VERSION = 1.0;
				PRODUCT_BUNDLE_IDENTIFIER = com.matthiaszarzecki.ParallaxHeaderUITests;
				PRODUCT_NAME = "$(TARGET_NAME)";
				SWIFT_EMIT_LOC_STRINGS = NO;
				SWIFT_VERSION = 5.0;
				TARGETED_DEVICE_FAMILY = "1,2";
				TEST_TARGET_NAME = ParallaxHeader;
			};
			name = Debug;
		};
		6E855B182A149EE9002AA336 /* Release */ = {
			isa = XCBuildConfiguration;
			buildSettings = {
				ALWAYS_EMBED_SWIFT_STANDARD_LIBRARIES = YES;
				CODE_SIGN_STYLE = Automatic;
				CURRENT_PROJECT_VERSION = 1;
				DEVELOPMENT_TEAM = QDUTEX33CU;
				GENERATE_INFOPLIST_FILE = YES;
				MARKETING_VERSION = 1.0;
				PRODUCT_BUNDLE_IDENTIFIER = com.matthiaszarzecki.ParallaxHeaderUITests;
				PRODUCT_NAME = "$(TARGET_NAME)";
				SWIFT_EMIT_LOC_STRINGS = NO;
				SWIFT_VERSION = 5.0;
				TARGETED_DEVICE_FAMILY = "1,2";
				TEST_TARGET_NAME = ParallaxHeader;
			};
			name = Release;
		};
/* End XCBuildConfiguration section */

/* Begin XCConfigurationList section */
		6E855AE72A149EE8002AA336 /* Build configuration list for PBXProject "ParallaxHeader" */ = {
			isa = XCConfigurationList;
			buildConfigurations = (
				6E855B0E2A149EE9002AA336 /* Debug */,
				6E855B0F2A149EE9002AA336 /* Release */,
			);
			defaultConfigurationIsVisible = 0;
			defaultConfigurationName = Release;
		};
		6E855B102A149EE9002AA336 /* Build configuration list for PBXNativeTarget "ParallaxHeader" */ = {
			isa = XCConfigurationList;
			buildConfigurations = (
				6E855B112A149EE9002AA336 /* Debug */,
				6E855B122A149EE9002AA336 /* Release */,
			);
			defaultConfigurationIsVisible = 0;
			defaultConfigurationName = Release;
		};
		6E855B132A149EE9002AA336 /* Build configuration list for PBXNativeTarget "ParallaxHeaderTests" */ = {
			isa = XCConfigurationList;
			buildConfigurations = (
				6E855B142A149EE9002AA336 /* Debug */,
				6E855B152A149EE9002AA336 /* Release */,
			);
			defaultConfigurationIsVisible = 0;
			defaultConfigurationName = Release;
		};
		6E855B162A149EE9002AA336 /* Build configuration list for PBXNativeTarget "ParallaxHeaderUITests" */ = {
			isa = XCConfigurationList;
			buildConfigurations = (
				6E855B172A149EE9002AA336 /* Debug */,
				6E855B182A149EE9002AA336 /* Release */,
			);
			defaultConfigurationIsVisible = 0;
			defaultConfigurationName = Release;
		};
/* End XCConfigurationList section */
	};
	rootObject = 6E855AE42A149EE8002AA336 /* Project object */;
}
